
Microsoft Visual Studio Solution File, Format Version 12.00
# Visual Studio Version 17
VisualStudioVersion = 17.9.34701.34
MinimumVisualStudioVersion = 10.0.40219.1
Project("{2150E333-8FDC-42A3-9474-1A3956D46DE8}") = "src", "src", "{15FDFDF8-E38A-4873-9CC5-A9BCE9203D18}"
EndProject
Project("{2150E333-8FDC-42A3-9474-1A3956D46DE8}") = "tests", "tests", "{57AFE0C5-72AF-454C-8702-6893B4A5DD36}"
EndProject
Project("{2150E333-8FDC-42A3-9474-1A3956D46DE8}") = "core", "core", "{D5B168E2-F685-4F51-9CA7-1C09F08306C3}"
EndProject
Project("{2150E333-8FDC-42A3-9474-1A3956D46DE8}") = "infrastructure", "infrastructure", "{67665FA2-2C13-43C0-990E-9CD7214E5EB5}"
EndProject
Project("{2150E333-8FDC-42A3-9474-1A3956D46DE8}") = "interfaces", "interfaces", "{029013A4-970F-44C1-A971-EF104A1BE7F4}"
EndProject
Project("{2150E333-8FDC-42A3-9474-1A3956D46DE8}") = "clients", "clients", "{CE14C67C-2279-43E4-A790-40ABD2C28140}"
EndProject
Project("{2150E333-8FDC-42A3-9474-1A3956D46DE8}") = "domain", "domain", "{021A535F-6F15-4EEA-849C-C0EABDBEA747}"
EndProject
Project("{2150E333-8FDC-42A3-9474-1A3956D46DE8}") = "data", "data", "{D355B6F4-8506-43E8-97DF-5D71BC25BA7C}"
EndProject
Project("{9A19103F-16F7-4668-BE54-9A1E7A4F7556}") = "domain", "src\core\domain\domain.csproj", "{EF6855D7-E595-429D-B61D-1A7DC346DD98}"
EndProject
Project("{9A19103F-16F7-4668-BE54-9A1E7A4F7556}") = "data", "src\infrastructure\data\data.csproj", "{7C8F6795-5717-496E-82BC-CD016153AC27}"
EndProject
Project("{9A19103F-16F7-4668-BE54-9A1E7A4F7556}") = "interfaces", "src\interfaces\interfaces.csproj", "{043712A4-5531-49C5-8E72-59D232CDB151}"
EndProject
Project("{2150E333-8FDC-42A3-9474-1A3956D46DE8}") = "application", "application", "{FB788F5C-2157-4481-990F-D41594792052}"
EndProject
Project("{9A19103F-16F7-4668-BE54-9A1E7A4F7556}") = "application", "src\core\application\application.csproj", "{A346962A-9FE1-4989-8F2D-E7412DB2F62A}"
EndProject
Project("{2150E333-8FDC-42A3-9474-1A3956D46DE8}") = "shared", "shared", "{E956BF9C-F82D-449E-98DC-C4B62A0B41FE}"
EndProject
Project("{2150E333-8FDC-42A3-9474-1A3956D46DE8}") = "wpfthemes", "wpfthemes", "{6449DFFD-4BE1-413C-81CE-9382E08E2E74}"
EndProject
Project("{9A19103F-16F7-4668-BE54-9A1E7A4F7556}") = "wpfthemes", "src\clients\shared\wpfthemes\wpfthemes.csproj", "{942F21B1-9F0D-4453-B46D-2822C9969CF8}"
EndProject
Project("{2150E333-8FDC-42A3-9474-1A3956D46DE8}") = "console", "console", "{C0BAC213-BE07-4209-B928-A246A44E33DC}"
EndProject
Project("{2150E333-8FDC-42A3-9474-1A3956D46DE8}") = "wpf", "wpf", "{13146D7E-CDF6-478B-B6C0-E9A4D2D9EEAC}"
EndProject
Project("{9A19103F-16F7-4668-BE54-9A1E7A4F7556}") = "console", "src\clients\console\console.csproj", "{F8B5E953-4318-413C-BB14-FD1ACF4B6064}"
EndProject
Project("{2150E333-8FDC-42A3-9474-1A3956D46DE8}") = "core", "core", "{E36676A7-F36D-45C1-9EF8-53C94EA133AD}"
EndProject
Project("{2150E333-8FDC-42A3-9474-1A3956D46DE8}") = "application", "application", "{06796451-F50B-4E54-99E6-2BAB94B35988}"
EndProject
Project("{9A19103F-16F7-4668-BE54-9A1E7A4F7556}") = "application", "tests\core\application\application.csproj", "{46538985-D8A2-429B-9158-77873389E75A}"
EndProject
Project("{2150E333-8FDC-42A3-9474-1A3956D46DE8}") = "relational", "relational", "{6440A824-8D9D-4C4E-9EC2-84664B5F34E2}"
EndProject
Project("{9A19103F-16F7-4668-BE54-9A1E7A4F7556}") = "relational", "src\infrastructure\relational\relational.csproj", "{56B215C5-B640-4F9F-BE02-3805B2755FA1}"
EndProject
Project("{2150E333-8FDC-42A3-9474-1A3956D46DE8}") = "infrastructure", "infrastructure", "{B2307762-15C3-40DA-BE1D-D722A5DE9E32}"
EndProject
Project("{2150E333-8FDC-42A3-9474-1A3956D46DE8}") = "data", "data", "{B267C5D4-4C0A-4BC1-8073-C97C391A19CA}"
EndProject
Project("{FAE04EC0-301F-11D3-BF4B-00C04F79EFBC}") = "data", "tests\infrastructure\data\data.csproj", "{E2B8ABAE-EF4D-4552-9C9B-E5DA6FFE106A}"
EndProject
Global
	GlobalSection(SolutionConfigurationPlatforms) = preSolution
		Debug|Any CPU = Debug|Any CPU
		Release|Any CPU = Release|Any CPU
	EndGlobalSection
	GlobalSection(ProjectConfigurationPlatforms) = postSolution
		{EF6855D7-E595-429D-B61D-1A7DC346DD98}.Debug|Any CPU.ActiveCfg = Debug|Any CPU
		{EF6855D7-E595-429D-B61D-1A7DC346DD98}.Debug|Any CPU.Build.0 = Debug|Any CPU
		{EF6855D7-E595-429D-B61D-1A7DC346DD98}.Release|Any CPU.ActiveCfg = Release|Any CPU
		{EF6855D7-E595-429D-B61D-1A7DC346DD98}.Release|Any CPU.Build.0 = Release|Any CPU
		{7C8F6795-5717-496E-82BC-CD016153AC27}.Debug|Any CPU.ActiveCfg = Debug|Any CPU
		{7C8F6795-5717-496E-82BC-CD016153AC27}.Debug|Any CPU.Build.0 = Debug|Any CPU
		{7C8F6795-5717-496E-82BC-CD016153AC27}.Release|Any CPU.ActiveCfg = Release|Any CPU
		{7C8F6795-5717-496E-82BC-CD016153AC27}.Release|Any CPU.Build.0 = Release|Any CPU
		{043712A4-5531-49C5-8E72-59D232CDB151}.Debug|Any CPU.ActiveCfg = Debug|Any CPU
		{043712A4-5531-49C5-8E72-59D232CDB151}.Debug|Any CPU.Build.0 = Debug|Any CPU
		{043712A4-5531-49C5-8E72-59D232CDB151}.Release|Any CPU.ActiveCfg = Release|Any CPU
		{043712A4-5531-49C5-8E72-59D232CDB151}.Release|Any CPU.Build.0 = Release|Any CPU
		{A346962A-9FE1-4989-8F2D-E7412DB2F62A}.Debug|Any CPU.ActiveCfg = Debug|Any CPU
		{A346962A-9FE1-4989-8F2D-E7412DB2F62A}.Debug|Any CPU.Build.0 = Debug|Any CPU
		{A346962A-9FE1-4989-8F2D-E7412DB2F62A}.Release|Any CPU.ActiveCfg = Release|Any CPU
		{A346962A-9FE1-4989-8F2D-E7412DB2F62A}.Release|Any CPU.Build.0 = Release|Any CPU
		{942F21B1-9F0D-4453-B46D-2822C9969CF8}.Debug|Any CPU.ActiveCfg = Debug|Any CPU
		{942F21B1-9F0D-4453-B46D-2822C9969CF8}.Debug|Any CPU.Build.0 = Debug|Any CPU
		{942F21B1-9F0D-4453-B46D-2822C9969CF8}.Release|Any CPU.ActiveCfg = Release|Any CPU
		{942F21B1-9F0D-4453-B46D-2822C9969CF8}.Release|Any CPU.Build.0 = Release|Any CPU
		{F8B5E953-4318-413C-BB14-FD1ACF4B6064}.Debug|Any CPU.ActiveCfg = Debug|Any CPU
		{F8B5E953-4318-413C-BB14-FD1ACF4B6064}.Debug|Any CPU.Build.0 = Debug|Any CPU
		{F8B5E953-4318-413C-BB14-FD1ACF4B6064}.Release|Any CPU.ActiveCfg = Release|Any CPU
		{F8B5E953-4318-413C-BB14-FD1ACF4B6064}.Release|Any CPU.Build.0 = Release|Any CPU
		{46538985-D8A2-429B-9158-77873389E75A}.Debug|Any CPU.ActiveCfg = Debug|Any CPU
		{46538985-D8A2-429B-9158-77873389E75A}.Debug|Any CPU.Build.0 = Debug|Any CPU
		{46538985-D8A2-429B-9158-77873389E75A}.Release|Any CPU.ActiveCfg = Release|Any CPU
		{46538985-D8A2-429B-9158-77873389E75A}.Release|Any CPU.Build.0 = Release|Any CPU
		{56B215C5-B640-4F9F-BE02-3805B2755FA1}.Debug|Any CPU.ActiveCfg = Debug|Any CPU
		{56B215C5-B640-4F9F-BE02-3805B2755FA1}.Debug|Any CPU.Build.0 = Debug|Any CPU
		{56B215C5-B640-4F9F-BE02-3805B2755FA1}.Release|Any CPU.ActiveCfg = Release|Any CPU
		{56B215C5-B640-4F9F-BE02-3805B2755FA1}.Release|Any CPU.Build.0 = Release|Any CPU
		{E2B8ABAE-EF4D-4552-9C9B-E5DA6FFE106A}.Debug|Any CPU.ActiveCfg = Debug|Any CPU
		{E2B8ABAE-EF4D-4552-9C9B-E5DA6FFE106A}.Debug|Any CPU.Build.0 = Debug|Any CPU
		{E2B8ABAE-EF4D-4552-9C9B-E5DA6FFE106A}.Release|Any CPU.ActiveCfg = Release|Any CPU
		{E2B8ABAE-EF4D-4552-9C9B-E5DA6FFE106A}.Release|Any CPU.Build.0 = Release|Any CPU
	EndGlobalSection
	GlobalSection(SolutionProperties) = preSolution
		HideSolutionNode = FALSE
	EndGlobalSection
	GlobalSection(NestedProjects) = preSolution
		{D5B168E2-F685-4F51-9CA7-1C09F08306C3} = {15FDFDF8-E38A-4873-9CC5-A9BCE9203D18}
		{67665FA2-2C13-43C0-990E-9CD7214E5EB5} = {15FDFDF8-E38A-4873-9CC5-A9BCE9203D18}
		{029013A4-970F-44C1-A971-EF104A1BE7F4} = {15FDFDF8-E38A-4873-9CC5-A9BCE9203D18}
		{CE14C67C-2279-43E4-A790-40ABD2C28140} = {15FDFDF8-E38A-4873-9CC5-A9BCE9203D18}
		{021A535F-6F15-4EEA-849C-C0EABDBEA747} = {D5B168E2-F685-4F51-9CA7-1C09F08306C3}
		{D355B6F4-8506-43E8-97DF-5D71BC25BA7C} = {67665FA2-2C13-43C0-990E-9CD7214E5EB5}
		{EF6855D7-E595-429D-B61D-1A7DC346DD98} = {021A535F-6F15-4EEA-849C-C0EABDBEA747}
		{7C8F6795-5717-496E-82BC-CD016153AC27} = {D355B6F4-8506-43E8-97DF-5D71BC25BA7C}
		{043712A4-5531-49C5-8E72-59D232CDB151} = {029013A4-970F-44C1-A971-EF104A1BE7F4}
		{FB788F5C-2157-4481-990F-D41594792052} = {D5B168E2-F685-4F51-9CA7-1C09F08306C3}
		{A346962A-9FE1-4989-8F2D-E7412DB2F62A} = {FB788F5C-2157-4481-990F-D41594792052}
		{E956BF9C-F82D-449E-98DC-C4B62A0B41FE} = {CE14C67C-2279-43E4-A790-40ABD2C28140}
		{6449DFFD-4BE1-413C-81CE-9382E08E2E74} = {E956BF9C-F82D-449E-98DC-C4B62A0B41FE}
		{942F21B1-9F0D-4453-B46D-2822C9969CF8} = {6449DFFD-4BE1-413C-81CE-9382E08E2E74}
		{C0BAC213-BE07-4209-B928-A246A44E33DC} = {CE14C67C-2279-43E4-A790-40ABD2C28140}
		{13146D7E-CDF6-478B-B6C0-E9A4D2D9EEAC} = {CE14C67C-2279-43E4-A790-40ABD2C28140}
		{F8B5E953-4318-413C-BB14-FD1ACF4B6064} = {C0BAC213-BE07-4209-B928-A246A44E33DC}
		{E36676A7-F36D-45C1-9EF8-53C94EA133AD} = {57AFE0C5-72AF-454C-8702-6893B4A5DD36}
		{06796451-F50B-4E54-99E6-2BAB94B35988} = {E36676A7-F36D-45C1-9EF8-53C94EA133AD}
		{46538985-D8A2-429B-9158-77873389E75A} = {06796451-F50B-4E54-99E6-2BAB94B35988}
		{6440A824-8D9D-4C4E-9EC2-84664B5F34E2} = {67665FA2-2C13-43C0-990E-9CD7214E5EB5}
		{56B215C5-B640-4F9F-BE02-3805B2755FA1} = {6440A824-8D9D-4C4E-9EC2-84664B5F34E2}
		{B267C5D4-4C0A-4BC1-8073-C97C391A19CA} = {B2307762-15C3-40DA-BE1D-D722A5DE9E32}
		{B2307762-15C3-40DA-BE1D-D722A5DE9E32} = {57AFE0C5-72AF-454C-8702-6893B4A5DD36}
		{E2B8ABAE-EF4D-4552-9C9B-E5DA6FFE106A} = {B267C5D4-4C0A-4BC1-8073-C97C391A19CA}
	EndGlobalSection
	GlobalSection(ExtensibilityGlobals) = postSolution
		SolutionGuid = {9C5F8344-2988-4BED-B2AB-F3325DB68F7C}
	EndGlobalSection
EndGlobal
